PODS:
  - AMZAlertController (1.0.3):
    - AppmazoUIKit (~> 1.0.4)
  - AMZLocationManager (1.0.0)
  - AppmazoFoundation (1.0.1)
  - AppmazoUIKit (1.0.6):
    - AppmazoFoundation (~> 1.0.1)

DEPENDENCIES:
  - AMZAlertController
  - AMZLocationManager (from `../`)
  - AppmazoUIKit

SPEC REPOS:
  https://github.com/cocoapods/specs.git:
    - AMZAlertController
    - AppmazoFoundation
    - AppmazoUIKit

EXTERNAL SOURCES:
  AMZLocationManager:
    :path: "../"

SPEC CHECKSUMS:
  AMZAlertController: 14ea30b988aab1190a4a6378485d6fe545dabf35
  AMZLocationManager: 736bcd22984d4584388867cb41584a67f31ae2e4
  AppmazoFoundation: 2b66a952d7a3a00ea77358ebc7171a8355002ecf
  AppmazoUIKit: 8a29e916ef1575fed28b16228e84dba8c75e6a89

PODFILE CHECKSUM: e86c239de18bc2445aa82c88534eb68fd6fab31a

COCOAPODS: 1.5.3
